// !$*UTF8*$!
{
	archiveVersion = 1;
	classes = {
	};
	objectVersion = 77;
	objects = {

/* Begin PBXBuildFile section */
		932450C82DFC7FD300C914AC /* Assets.xcassets in Resources */ = {isa = PBXBuildFile; fileRef = 932450BF2DFC7FD300C914AC /* Assets.xcassets */; };
		932450CA2DFC7FD300C914AC /* LaunchScreen.storyboard in Resources */ = {isa = PBXBuildFile; fileRef = 932450C22DFC7FD300C914AC /* LaunchScreen.storyboard */; };
		932450CB2DFC7FD300C914AC /* Main.storyboard in Resources */ = {isa = PBXBuildFile; fileRef = 932450C42DFC7FD300C914AC /* Main.storyboard */; };
		932450CC2DFC7FD300C914AC /* AppDelegate.swift in Sources */ = {isa = PBXBuildFile; fileRef = 932450BE2DFC7FD300C914AC /* AppDelegate.swift */; };
		932450CD2DFC7FD300C914AC /* SceneDelegate.swift in Sources */ = {isa = PBXBuildFile; fileRef = 932450C52DFC7FD300C914AC /* SceneDelegate.swift */; };
		932450CE2DFC7FD300C914AC /* PostListViewController.swift in Sources */ = {isa = PBXBuildFile; fileRef = 932450C62DFC7FD300C914AC /* PostListViewController.swift */; };
		932450D62DFC858600C914AC /* MainViewController.swift in Sources */ = {isa = PBXBuildFile; fileRef = 932450D52DFC858600C914AC /* MainViewController.swift */; };
		932450DA2DFCD05900C914AC /* Constants.swift in Sources */ = {isa = PBXBuildFile; fileRef = 932450D92DFCD05900C914AC /* Constants.swift */; };
		932450DD2DFCD27C00C914AC /* Colors.xcassets in Resources */ = {isa = PBXBuildFile; fileRef = 932450DC2DFCD27C00C914AC /* Colors.xcassets */; };
		932450E22DFCD43900C914AC /* UIColor+.swift in Sources */ = {isa = PBXBuildFile; fileRef = 932450E12DFCD43900C914AC /* UIColor+.swift */; };
		932450E42DFCDA4C00C914AC /* NavigationTitleLabel.swift in Sources */ = {isa = PBXBuildFile; fileRef = 932450E32DFCDA4C00C914AC /* NavigationTitleLabel.swift */; };
		932450E92DFDC2D000C914AC /* Post.swift in Sources */ = {isa = PBXBuildFile; fileRef = 932450E82DFDC2D000C914AC /* Post.swift */; };
		932450EB2DFDC4B600C914AC /* Comment.swift in Sources */ = {isa = PBXBuildFile; fileRef = 932450EA2DFDC4B600C914AC /* Comment.swift */; };
		932450EE2DFDD2E100C914AC /* PostCollectionViewCell.xib in Resources */ = {isa = PBXBuildFile; fileRef = 932450ED2DFDD2E100C914AC /* PostCollectionViewCell.xib */; };
		932450EF2DFDD2E100C914AC /* PostCollectionViewCell.swift in Sources */ = {isa = PBXBuildFile; fileRef = 932450EC2DFDD2E100C914AC /* PostCollectionViewCell.swift */; };
		932450F12DFF17F500C914AC /* AddNewPostButton.swift in Sources */ = {isa = PBXBuildFile; fileRef = 932450F02DFF17F500C914AC /* AddNewPostButton.swift */; };
		932450F72DFF8F5900C914AC /* NetworkManager.swift in Sources */ = {isa = PBXBuildFile; fileRef = 932450F62DFF8F5900C914AC /* NetworkManager.swift */; };
		932451072E003CDF00C914AC /* PostDetailViewController.swift in Sources */ = {isa = PBXBuildFile; fileRef = 932451062E003CDF00C914AC /* PostDetailViewController.swift */; };
		9361973F2E008DF100244DD9 /* PostDetailCollectionViewCell.xib in Resources */ = {isa = PBXBuildFile; fileRef = 9361973E2E008DF100244DD9 /* PostDetailCollectionViewCell.xib */; };
		936197412E008F3800244DD9 /* PostDetailCollectionViewCell.swift in Sources */ = {isa = PBXBuildFile; fileRef = 936197402E008F3800244DD9 /* PostDetailCollectionViewCell.swift */; };
		936197452E00999000244DD9 /* PostCreateViewController.swift in Sources */ = {isa = PBXBuildFile; fileRef = 936197442E00999000244DD9 /* PostCreateViewController.swift */; };
		936197472E00C43B00244DD9 /* NewPost.swift in Sources */ = {isa = PBXBuildFile; fileRef = 936197462E00C43B00244DD9 /* NewPost.swift */; };
/* End PBXBuildFile section */

/* Begin PBXFileReference section */
		932450962DFB395600C914AC /* MarketplaceDemo.app */ = {isa = PBXFileReference; explicitFileType = wrapper.application; includeInIndex = 0; path = MarketplaceDemo.app; sourceTree = BUILT_PRODUCTS_DIR; };
		932450BE2DFC7FD300C914AC /* AppDelegate.swift */ = {isa = PBXFileReference; lastKnownFileType = sourcecode.swift; path = AppDelegate.swift; sourceTree = "<group>"; };
		932450BF2DFC7FD300C914AC /* Assets.xcassets */ = {isa = PBXFileReference; lastKnownFileType = folder.assetcatalog; path = Assets.xcassets; sourceTree = "<group>"; };
		932450C02DFC7FD300C914AC /* Info.plist */ = {isa = PBXFileReference; lastKnownFileType = text.plist.xml; path = Info.plist; sourceTree = "<group>"; };
		932450C12DFC7FD300C914AC /* Base */ = {isa = PBXFileReference; lastKnownFileType = file.storyboard; name = Base; path = Base.lproj/LaunchScreen.storyboard; sourceTree = "<group>"; };
		932450C32DFC7FD300C914AC /* Base */ = {isa = PBXFileReference; lastKnownFileType = file.storyboard; name = Base; path = Base.lproj/Main.storyboard; sourceTree = "<group>"; };
		932450C52DFC7FD300C914AC /* SceneDelegate.swift */ = {isa = PBXFileReference; lastKnownFileType = sourcecode.swift; path = SceneDelegate.swift; sourceTree = "<group>"; };
		932450C62DFC7FD300C914AC /* PostListViewController.swift */ = {isa = PBXFileReference; lastKnownFileType = sourcecode.swift; path = PostListViewController.swift; sourceTree = "<group>"; };
		932450D52DFC858600C914AC /* MainViewController.swift */ = {isa = PBXFileReference; lastKnownFileType = sourcecode.swift; path = MainViewController.swift; sourceTree = "<group>"; };
		932450D92DFCD05900C914AC /* Constants.swift */ = {isa = PBXFileReference; lastKnownFileType = sourcecode.swift; path = Constants.swift; sourceTree = "<group>"; };
		932450DC2DFCD27C00C914AC /* Colors.xcassets */ = {isa = PBXFileReference; lastKnownFileType = folder.assetcatalog; path = Colors.xcassets; sourceTree = "<group>"; };
		932450E12DFCD43900C914AC /* UIColor+.swift */ = {isa = PBXFileReference; lastKnownFileType = sourcecode.swift; path = "UIColor+.swift"; sourceTree = "<group>"; };
		932450E32DFCDA4C00C914AC /* NavigationTitleLabel.swift */ = {isa = PBXFileReference; lastKnownFileType = sourcecode.swift; path = NavigationTitleLabel.swift; sourceTree = "<group>"; };
		932450E82DFDC2D000C914AC /* Post.swift */ = {isa = PBXFileReference; lastKnownFileType = sourcecode.swift; path = Post.swift; sourceTree = "<group>"; };
		932450EA2DFDC4B600C914AC /* Comment.swift */ = {isa = PBXFileReference; lastKnownFileType = sourcecode.swift; path = Comment.swift; sourceTree = "<group>"; };
		932450EC2DFDD2E100C914AC /* PostCollectionViewCell.swift */ = {isa = PBXFileReference; lastKnownFileType = sourcecode.swift; path = PostCollectionViewCell.swift; sourceTree = "<group>"; };
		932450ED2DFDD2E100C914AC /* PostCollectionViewCell.xib */ = {isa = PBXFileReference; lastKnownFileType = file.xib; path = PostCollectionViewCell.xib; sourceTree = "<group>"; };
		932450F02DFF17F500C914AC /* AddNewPostButton.swift */ = {isa = PBXFileReference; lastKnownFileType = sourcecode.swift; path = AddNewPostButton.swift; sourceTree = "<group>"; };
		932450F62DFF8F5900C914AC /* NetworkManager.swift */ = {isa = PBXFileReference; lastKnownFileType = sourcecode.swift; path = NetworkManager.swift; sourceTree = "<group>"; };
		932451062E003CDF00C914AC /* PostDetailViewController.swift */ = {isa = PBXFileReference; lastKnownFileType = sourcecode.swift; path = PostDetailViewController.swift; sourceTree = "<group>"; };
		9361973E2E008DF100244DD9 /* PostDetailCollectionViewCell.xib */ = {isa = PBXFileReference; lastKnownFileType = file.xib; path = PostDetailCollectionViewCell.xib; sourceTree = "<group>"; };
		936197402E008F3800244DD9 /* PostDetailCollectionViewCell.swift */ = {isa = PBXFileReference; lastKnownFileType = sourcecode.swift; path = PostDetailCollectionViewCell.swift; sourceTree = "<group>"; };
		936197442E00999000244DD9 /* PostCreateViewController.swift */ = {isa = PBXFileReference; lastKnownFileType = sourcecode.swift; path = PostCreateViewController.swift; sourceTree = "<group>"; };
		936197462E00C43B00244DD9 /* NewPost.swift */ = {isa = PBXFileReference; lastKnownFileType = sourcecode.swift; path = NewPost.swift; sourceTree = "<group>"; };
/* End PBXFileReference section */

/* Begin PBXFrameworksBuildPhase section */
		932450932DFB395600C914AC /* Frameworks */ = {
			isa = PBXFrameworksBuildPhase;
			buildActionMask = 2147483647;
			files = (
			);
			runOnlyForDeploymentPostprocessing = 0;
		};
/* End PBXFrameworksBuildPhase section */

/* Begin PBXGroup section */
		9324508D2DFB395600C914AC = {
			isa = PBXGroup;
			children = (
				932450C72DFC7FD300C914AC /* MarketplaceDemo */,
				932450972DFB395600C914AC /* Products */,
			);
			sourceTree = "<group>";
		};
		932450972DFB395600C914AC /* Products */ = {
			isa = PBXGroup;
			children = (
				932450962DFB395600C914AC /* MarketplaceDemo.app */,
			);
			name = Products;
			sourceTree = "<group>";
		};
		932450C72DFC7FD300C914AC /* MarketplaceDemo */ = {
			isa = PBXGroup;
			children = (
				932450E52DFDC29200C914AC /* Model */,
				932450F52DFF8ECE00C914AC /* Manager */,
				932450D22DFC816F00C914AC /* UI */,
				932450F42DFF8EAD00C914AC /* Helpers */,
				936197422E0097E100244DD9 /* Assets */,
				932450C02DFC7FD300C914AC /* Info.plist */,
				932450C22DFC7FD300C914AC /* LaunchScreen.storyboard */,
				932450BE2DFC7FD300C914AC /* AppDelegate.swift */,
				932450C52DFC7FD300C914AC /* SceneDelegate.swift */,
			);
			path = MarketplaceDemo;
			sourceTree = "<group>";
		};
		932450D22DFC816F00C914AC /* UI */ = {
			isa = PBXGroup;
			children = (
				932450D82DFC8C1800C914AC /* Main */,
				932450D72DFC8C0700C914AC /* PostList */,
				932451052E003C8A00C914AC /* PostDetail */,
				936197432E0098EB00244DD9 /* PostCreate */,
				932450C42DFC7FD300C914AC /* Main.storyboard */,
			);
			path = UI;
			sourceTree = "<group>";
		};
		932450D72DFC8C0700C914AC /* PostList */ = {
			isa = PBXGroup;
			children = (
				932450C62DFC7FD300C914AC /* PostListViewController.swift */,
				932450EC2DFDD2E100C914AC /* PostCollectionViewCell.swift */,
				932450ED2DFDD2E100C914AC /* PostCollectionViewCell.xib */,
				932450F02DFF17F500C914AC /* AddNewPostButton.swift */,
			);
			path = PostList;
			sourceTree = "<group>";
		};
		932450D82DFC8C1800C914AC /* Main */ = {
			isa = PBXGroup;
			children = (
				932450D52DFC858600C914AC /* MainViewController.swift */,
				932450E32DFCDA4C00C914AC /* NavigationTitleLabel.swift */,
			);
			path = Main;
			sourceTree = "<group>";
		};
		932450DE2DFCD40300C914AC /* Extensions */ = {
			isa = PBXGroup;
			children = (
				932450E12DFCD43900C914AC /* UIColor+.swift */,
			);
			path = Extensions;
			sourceTree = "<group>";
		};
		932450E52DFDC29200C914AC /* Model */ = {
			isa = PBXGroup;
			children = (
				932450E82DFDC2D000C914AC /* Post.swift */,
				936197462E00C43B00244DD9 /* NewPost.swift */,
				932450EA2DFDC4B600C914AC /* Comment.swift */,
			);
			path = Model;
			sourceTree = "<group>";
		};
		932450F42DFF8EAD00C914AC /* Helpers */ = {
			isa = PBXGroup;
			children = (
				932450D92DFCD05900C914AC /* Constants.swift */,
				932450DE2DFCD40300C914AC /* Extensions */,
			);
			path = Helpers;
			sourceTree = "<group>";
		};
		932450F52DFF8ECE00C914AC /* Manager */ = {
			isa = PBXGroup;
			children = (
				932450F62DFF8F5900C914AC /* NetworkManager.swift */,
			);
			path = Manager;
			sourceTree = "<group>";
		};
		932451052E003C8A00C914AC /* PostDetail */ = {
			isa = PBXGroup;
			children = (
				932451062E003CDF00C914AC /* PostDetailViewController.swift */,
				936197402E008F3800244DD9 /* PostDetailCollectionViewCell.swift */,
				9361973E2E008DF100244DD9 /* PostDetailCollectionViewCell.xib */,
			);
			path = PostDetail;
			sourceTree = "<group>";
		};
		936197422E0097E100244DD9 /* Assets */ = {
			isa = PBXGroup;
			children = (
				932450BF2DFC7FD300C914AC /* Assets.xcassets */,
				932450DC2DFCD27C00C914AC /* Colors.xcassets */,
			);
			path = Assets;
			sourceTree = "<group>";
		};
		936197432E0098EB00244DD9 /* PostCreate */ = {
			isa = PBXGroup;
			children = (
				936197442E00999000244DD9 /* PostCreateViewController.swift */,
			);
			path = PostCreate;
			sourceTree = "<group>";
		};
/* End PBXGroup section */

/* Begin PBXNativeTarget section */
		932450952DFB395600C914AC /* MarketplaceDemo */ = {
			isa = PBXNativeTarget;
			buildConfigurationList = 932450A92DFB395700C914AC /* Build configuration list for PBXNativeTarget "MarketplaceDemo" */;
			buildPhases = (
				932450922DFB395600C914AC /* Sources */,
				932450932DFB395600C914AC /* Frameworks */,
				932450942DFB395600C914AC /* Resources */,
			);
			buildRules = (
			);
			dependencies = (
			);
			name = MarketplaceDemo;
			packageProductDependencies = (
			);
			productName = MarketplaceDemo;
			productReference = 932450962DFB395600C914AC /* MarketplaceDemo.app */;
			productType = "com.apple.product-type.application";
		};
/* End PBXNativeTarget section */

/* Begin PBXProject section */
		9324508E2DFB395600C914AC /* Project object */ = {
			isa = PBXProject;
			attributes = {
				BuildIndependentTargetsInParallel = 1;
				LastSwiftUpdateCheck = 1640;
				LastUpgradeCheck = 1640;
				TargetAttributes = {
					932450952DFB395600C914AC = {
						CreatedOnToolsVersion = 16.4;
					};
				};
			};
			buildConfigurationList = 932450912DFB395600C914AC /* Build configuration list for PBXProject "MarketplaceDemo" */;
			developmentRegion = en;
			hasScannedForEncodings = 0;
			knownRegions = (
				en,
				Base,
			);
			mainGroup = 9324508D2DFB395600C914AC;
			minimizedProjectReferenceProxies = 1;
			preferredProjectObjectVersion = 77;
			productRefGroup = 932450972DFB395600C914AC /* Products */;
			projectDirPath = "";
			projectRoot = "";
			targets = (
				932450952DFB395600C914AC /* MarketplaceDemo */,
			);
		};
/* End PBXProject section */

/* Begin PBXResourcesBuildPhase section */
		932450942DFB395600C914AC /* Resources */ = {
			isa = PBXResourcesBuildPhase;
			buildActionMask = 2147483647;
			files = (
				932450C82DFC7FD300C914AC /* Assets.xcassets in Resources */,
				932450DD2DFCD27C00C914AC /* Colors.xcassets in Resources */,
				9361973F2E008DF100244DD9 /* PostDetailCollectionViewCell.xib in Resources */,
				932450CA2DFC7FD300C914AC /* LaunchScreen.storyboard in Resources */,
				932450CB2DFC7FD300C914AC /* Main.storyboard in Resources */,
				932450EE2DFDD2E100C914AC /* PostCollectionViewCell.xib in Resources */,
			);
			runOnlyForDeploymentPostprocessing = 0;
		};
/* End PBXResourcesBuildPhase section */

/* Begin PBXSourcesBuildPhase section */
		932450922DFB395600C914AC /* Sources */ = {
			isa = PBXSourcesBuildPhase;
			buildActionMask = 2147483647;
			files = (
				932450F72DFF8F5900C914AC /* NetworkManager.swift in Sources */,
				932450E42DFCDA4C00C914AC /* NavigationTitleLabel.swift in Sources */,
				932450CC2DFC7FD300C914AC /* AppDelegate.swift in Sources */,
				932450EF2DFDD2E100C914AC /* PostCollectionViewCell.swift in Sources */,
				932451072E003CDF00C914AC /* PostDetailViewController.swift in Sources */,
				932450D62DFC858600C914AC /* MainViewController.swift in Sources */,
				932450E92DFDC2D000C914AC /* Post.swift in Sources */,
				932450CD2DFC7FD300C914AC /* SceneDelegate.swift in Sources */,
				936197472E00C43B00244DD9 /* NewPost.swift in Sources */,
				932450CE2DFC7FD300C914AC /* PostListViewController.swift in Sources */,
				932450DA2DFCD05900C914AC /* Constants.swift in Sources */,
				936197452E00999000244DD9 /* PostCreateViewController.swift in Sources */,
				932450F12DFF17F500C914AC /* AddNewPostButton.swift in Sources */,
				932450EB2DFDC4B600C914AC /* Comment.swift in Sources */,
				936197412E008F3800244DD9 /* PostDetailCollectionViewCell.swift in Sources */,
				932450E22DFCD43900C914AC /* UIColor+.swift in Sources */,
			);
			runOnlyForDeploymentPostprocessing = 0;
		};
/* End PBXSourcesBuildPhase section */

/* Begin PBXVariantGroup section */
		932450C22DFC7FD300C914AC /* LaunchScreen.storyboard */ = {
			isa = PBXVariantGroup;
			children = (
				932450C12DFC7FD300C914AC /* Base */,
			);
			name = LaunchScreen.storyboard;
			sourceTree = "<group>";
		};
		932450C42DFC7FD300C914AC /* Main.storyboard */ = {
			isa = PBXVariantGroup;
			children = (
				932450C32DFC7FD300C914AC /* Base */,
			);
			name = Main.storyboard;
			sourceTree = "<group>";
		};
/* End PBXVariantGroup section */

/* Begin XCBuildConfiguration section */
		932450AA2DFB395700C914AC /* Debug */ = {
			isa = XCBuildConfiguration;
			buildSettings = {
				ASSETCATALOG_COMPILER_APPICON_NAME = AppIcon;
				ASSETCATALOG_COMPILER_GLOBAL_ACCENT_COLOR_NAME = AccentColor;
				CODE_SIGN_STYLE = Automatic;
				CURRENT_PROJECT_VERSION = 1;
				DEVELOPMENT_TEAM = 6G69MBT8U6;
				GENERATE_INFOPLIST_FILE = YES;
				INFOPLIST_FILE = MarketplaceDemo/Info.plist;
				INFOPLIST_KEY_UIApplicationSupportsIndirectInputEvents = YES;
				INFOPLIST_KEY_UILaunchStoryboardName = LaunchScreen;
				INFOPLIST_KEY_UIMainStoryboardFile = Main;
				INFOPLIST_KEY_UIRequiresFullScreen = YES;
				INFOPLIST_KEY_UISupportedInterfaceOrientations = UIInterfaceOrientationPortrait;
				IPHONEOS_DEPLOYMENT_TARGET = 15.6;
				LD_RUNPATH_SEARCH_PATHS = (
					"$(inherited)",
					"@executable_path/Frameworks",
				);
				MARKETING_VERSION = 1.0;
				PRODUCT_BUNDLE_IDENTIFIER = io.sducic.MarketplaceDemo;
				PRODUCT_NAME = "$(TARGET_NAME)";
				SUPPORTED_PLATFORMS = "iphoneos iphonesimulator";
				SUPPORTS_MACCATALYST = NO;
				SUPPORTS_MAC_DESIGNED_FOR_IPHONE_IPAD = NO;
				SUPPORTS_XR_DESIGNED_FOR_IPHONE_IPAD = NO;
				SWIFT_EMIT_LOC_STRINGS = YES;
				SWIFT_VERSION = 5.0;
				TARGETED_DEVICE_FAMILY = "1,2";
			};
			name = Debug;
		};
		932450AB2DFB395700C914AC /* Release */ = {
			isa = XCBuildConfiguration;
			buildSettings = {
				ASSETCATALOG_COMPILER_APPICON_NAME = AppIcon;
				ASSETCATALOG_COMPILER_GLOBAL_ACCENT_COLOR_NAME = AccentColor;
				CODE_SIGN_STYLE = Automatic;
				CURRENT_PROJECT_VERSION = 1;
				DEVELOPMENT_TEAM = 6G69MBT8U6;
				GENERATE_INFOPLIST_FILE = YES;
				INFOPLIST_FILE = MarketplaceDemo/Info.plist;
				INFOPLIST_KEY_UIApplicationSupportsIndirectInputEvents = YES;
				INFOPLIST_KEY_UILaunchStoryboardName = LaunchScreen;
				INFOPLIST_KEY_UIMainStoryboardFile = Main;
				INFOPLIST_KEY_UIRequiresFullScreen = YES;
				INFOPLIST_KEY_UISupportedInterfaceOrientations = UIInterfaceOrientationPortrait;
				IPHONEOS_DEPLOYMENT_TARGET = 15.6;
				LD_RUNPATH_SEARCH_PATHS = (
					"$(inherited)",
					"@executable_path/Frameworks",
				);
				MARKETING_VERSION = 1.0;
				PRODUCT_BUNDLE_IDENTIFIER = io.sducic.MarketplaceDemo;
				PRODUCT_NAME = "$(TARGET_NAME)";
				SUPPORTED_PLATFORMS = "iphoneos iphonesimulator";
				SUPPORTS_MACCATALYST = NO;
				SUPPORTS_MAC_DESIGNED_FOR_IPHONE_IPAD = NO;
				SUPPORTS_XR_DESIGNED_FOR_IPHONE_IPAD = NO;
				SWIFT_EMIT_LOC_STRINGS = YES;
				SWIFT_VERSION = 5.0;
				TARGETED_DEVICE_FAMILY = "1,2";
			};
			name = Release;
		};
		932450AC2DFB395700C914AC /* Debug */ = {
			isa = XCBuildConfiguration;
			buildSettings = {
				ALWAYS_SEARCH_USER_PATHS = NO;
				ASSETCATALOG_COMPILER_GENERATE_SWIFT_ASSET_SYMBOL_EXTENSIONS = YES;
				CLANG_ANALYZER_NONNULL = YES;
				CLANG_ANALYZER_NUMBER_OBJECT_CONVERSION = YES_AGGRESSIVE;
				CLANG_CXX_LANGUAGE_STANDARD = "gnu++20";
				CLANG_ENABLE_MODULES = YES;
				CLANG_ENABLE_OBJC_ARC = YES;
				CLANG_ENABLE_OBJC_WEAK = YES;
				CLANG_WARN_BLOCK_CAPTURE_AUTORELEASING = YES;
				CLANG_WARN_BOOL_CONVERSION = YES;
				CLANG_WARN_COMMA = YES;
				CLANG_WARN_CONSTANT_CONVERSION = YES;
				CLANG_WARN_DEPRECATED_OBJC_IMPLEMENTATIONS = YES;
				CLANG_WARN_DIRECT_OBJC_ISA_USAGE = YES_ERROR;
				CLANG_WARN_DOCUMENTATION_COMMENTS = YES;
				CLANG_WARN_EMPTY_BODY = YES;
				CLANG_WARN_ENUM_CONVERSION = YES;
				CLANG_WARN_INFINITE_RECURSION = YES;
				CLANG_WARN_INT_CONVERSION = YES;
				CLANG_WARN_NON_LITERAL_NULL_CONVERSION = YES;
				CLANG_WARN_OBJC_IMPLICIT_RETAIN_SELF = YES;
				CLANG_WARN_OBJC_LITERAL_CONVERSION = YES;
				CLANG_WARN_OBJC_ROOT_CLASS = YES_ERROR;
				CLANG_WARN_QUOTED_INCLUDE_IN_FRAMEWORK_HEADER = YES;
				CLANG_WARN_RANGE_LOOP_ANALYSIS = YES;
				CLANG_WARN_STRICT_PROTOTYPES = YES;
				CLANG_WARN_SUSPICIOUS_MOVE = YES;
				CLANG_WARN_UNGUARDED_AVAILABILITY = YES_AGGRESSIVE;
				CLANG_WARN_UNREACHABLE_CODE = YES;
				CLANG_WARN__DUPLICATE_METHOD_MATCH = YES;
				COPY_PHASE_STRIP = NO;
				DEBUG_INFORMATION_FORMAT = dwarf;
				DEVELOPMENT_TEAM = 6G69MBT8U6;
				ENABLE_STRICT_OBJC_MSGSEND = YES;
				ENABLE_TESTABILITY = YES;
				ENABLE_USER_SCRIPT_SANDBOXING = YES;
				GCC_C_LANGUAGE_STANDARD = gnu17;
				GCC_DYNAMIC_NO_PIC = NO;
				GCC_NO_COMMON_BLOCKS = YES;
				GCC_OPTIMIZATION_LEVEL = 0;
				GCC_PREPROCESSOR_DEFINITIONS = (
					"DEBUG=1",
					"$(inherited)",
				);
				GCC_WARN_64_TO_32_BIT_CONVERSION = YES;
				GCC_WARN_ABOUT_RETURN_TYPE = YES_ERROR;
				GCC_WARN_UNDECLARED_SELECTOR = YES;
				GCC_WARN_UNINITIALIZED_AUTOS = YES_AGGRESSIVE;
				GCC_WARN_UNUSED_FUNCTION = YES;
				GCC_WARN_UNUSED_VARIABLE = YES;
				IPHONEOS_DEPLOYMENT_TARGET = 18.5;
				LOCALIZATION_PREFERS_STRING_CATALOGS = YES;
				MTL_ENABLE_DEBUG_INFO = INCLUDE_SOURCE;
				MTL_FAST_MATH = YES;
				ONLY_ACTIVE_ARCH = YES;
				SDKROOT = iphoneos;
				SWIFT_ACTIVE_COMPILATION_CONDITIONS = "DEBUG $(inherited)";
				SWIFT_OPTIMIZATION_LEVEL = "-Onone";
			};
			name = Debug;
		};
		932450AD2DFB395700C914AC /* Release */ = {
			isa = XCBuildConfiguration;
			buildSettings = {
				ALWAYS_SEARCH_USER_PATHS = NO;
				ASSETCATALOG_COMPILER_GENERATE_SWIFT_ASSET_SYMBOL_EXTENSIONS = YES;
				CLANG_ANALYZER_NONNULL = YES;
				CLANG_ANALYZER_NUMBER_OBJECT_CONVERSION = YES_AGGRESSIVE;
				CLANG_CXX_LANGUAGE_STANDARD = "gnu++20";
				CLANG_ENABLE_MODULES = YES;
				CLANG_ENABLE_OBJC_ARC = YES;
				CLANG_ENABLE_OBJC_WEAK = YES;
				CLANG_WARN_BLOCK_CAPTURE_AUTORELEASING = YES;
				CLANG_WARN_BOOL_CONVERSION = YES;
				CLANG_WARN_COMMA = YES;
				CLANG_WARN_CONSTANT_CONVERSION = YES;
				CLANG_WARN_DEPRECATED_OBJC_IMPLEMENTATIONS = YES;
				CLANG_WARN_DIRECT_OBJC_ISA_USAGE = YES_ERROR;
				CLANG_WARN_DOCUMENTATION_COMMENTS = YES;
				CLANG_WARN_EMPTY_BODY = YES;
				CLANG_WARN_ENUM_CONVERSION = YES;
				CLANG_WARN_INFINITE_RECURSION = YES;
				CLANG_WARN_INT_CONVERSION = YES;
				CLANG_WARN_NON_LITERAL_NULL_CONVERSION = YES;
				CLANG_WARN_OBJC_IMPLICIT_RETAIN_SELF = YES;
				CLANG_WARN_OBJC_LITERAL_CONVERSION = YES;
				CLANG_WARN_OBJC_ROOT_CLASS = YES_ERROR;
				CLANG_WARN_QUOTED_INCLUDE_IN_FRAMEWORK_HEADER = YES;
				CLANG_WARN_RANGE_LOOP_ANALYSIS = YES;
				CLANG_WARN_STRICT_PROTOTYPES = YES;
				CLANG_WARN_SUSPICIOUS_MOVE = YES;
				CLANG_WARN_UNGUARDED_AVAILABILITY = YES_AGGRESSIVE;
				CLANG_WARN_UNREACHABLE_CODE = YES;
				CLANG_WARN__DUPLICATE_METHOD_MATCH = YES;
				COPY_PHASE_STRIP = NO;
				DEBUG_INFORMATION_FORMAT = "dwarf-with-dsym";
				DEVELOPMENT_TEAM = 6G69MBT8U6;
				ENABLE_NS_ASSERTIONS = NO;
				ENABLE_STRICT_OBJC_MSGSEND = YES;
				ENABLE_USER_SCRIPT_SANDBOXING = YES;
				GCC_C_LANGUAGE_STANDARD = gnu17;
				GCC_NO_COMMON_BLOCKS = YES;
				GCC_WARN_64_TO_32_BIT_CONVERSION = YES;
				GCC_WARN_ABOUT_RETURN_TYPE = YES_ERROR;
				GCC_WARN_UNDECLARED_SELECTOR = YES;
				GCC_WARN_UNINITIALIZED_AUTOS = YES_AGGRESSIVE;
				GCC_WARN_UNUSED_FUNCTION = YES;
				GCC_WARN_UNUSED_VARIABLE = YES;
				IPHONEOS_DEPLOYMENT_TARGET = 18.5;
				LOCALIZATION_PREFERS_STRING_CATALOGS = YES;
				MTL_ENABLE_DEBUG_INFO = NO;
				MTL_FAST_MATH = YES;
				SDKROOT = iphoneos;
				SWIFT_COMPILATION_MODE = wholemodule;
				VALIDATE_PRODUCT = YES;
			};
			name = Release;
		};
/* End XCBuildConfiguration section */

/* Begin XCConfigurationList section */
		932450912DFB395600C914AC /* Build configuration list for PBXProject "MarketplaceDemo" */ = {
			isa = XCConfigurationList;
			buildConfigurations = (
				932450AC2DFB395700C914AC /* Debug */,
				932450AD2DFB395700C914AC /* Release */,
			);
			defaultConfigurationIsVisible = 0;
			defaultConfigurationName = Release;
		};
		932450A92DFB395700C914AC /* Build configuration list for PBXNativeTarget "MarketplaceDemo" */ = {
			isa = XCConfigurationList;
			buildConfigurations = (
				932450AA2DFB395700C914AC /* Debug */,
				932450AB2DFB395700C914AC /* Release */,
			);
			defaultConfigurationIsVisible = 0;
			defaultConfigurationName = Release;
		};
/* End XCConfigurationList section */
	};
	rootObject = 9324508E2DFB395600C914AC /* Project object */;
}
